
Microsoft Visual Studio Solution File, Format Version 12.00
# Visual Studio Version 17
VisualStudioVersion = 17.9.34714.143
MinimumVisualStudioVersion = 10.0.40219.1
Project("{9A19103F-16F7-4668-BE54-9A1E7A4F7556}") = "EasterEggMod", "EasterEggMod\EasterEggMod.csproj", "{388BD894-A072-46CD-826A-B88851E50D41}"
EndProject
Global
	GlobalSection(SolutionConfigurationPlatforms) = preSolution
		Debug|Any CPU = Debug|Any CPU
		Release_IL2CPP|Any CPU = Release_IL2CPP|Any CPU
		Release|Any CPU = Release|Any CPU
	EndGlobalSection
	GlobalSection(ProjectConfigurationPlatforms) = postSolution
		{388BD894-A072-46CD-826A-B88851E50D41}.Debug|Any CPU.ActiveCfg = Debug|Any CPU
		{388BD894-A072-46CD-826A-B88851E50D41}.Debug|Any CPU.Build.0 = Debug|Any CPU
		{388BD894-A072-46CD-826A-B88851E50D41}.Release_IL2CPP|Any CPU.ActiveCfg = Release_IL2CPP|Any CPU
		{388BD894-A072-46CD-826A-B88851E50D41}.Release_IL2CPP|Any CPU.Build.0 = Release_IL2CPP|Any CPU
		{388BD894-A072-46CD-826A-B88851E50D41}.Release|Any CPU.ActiveCfg = Release|Any CPU
		{388BD894-A072-46CD-826A-B88851E50D41}.Release|Any CPU.Build.0 = Release|Any CPU
	EndGlobalSection
	GlobalSection(SolutionProperties) = preSolution
		HideSolutionNode = FALSE
	EndGlobalSection
	GlobalSection(ExtensibilityGlobals) = postSolution
		SolutionGuid = {962DE31F-C0BF-416F-9B8E-3DD529F4182B}
	EndGlobalSection
EndGlobal
